# This file was autogenerated by uv via the following command:
#    uv pip compile requirements/serve.txt --python-version 3.12 --python-platform x86_64-manylinux_2_28 --output-file requirements/serve.lock
annotated-doc==0.0.5
    # via
    #   fastapi
    #   typer
annotated-types==0.8.0
    # via pydantic
anyio==4.15.0
    # via
    #   httpx
    #   starlette
    #   watchfiles
certifi==2026.7.22
    # via
    #   httpcore
    #   httpx
cffi==2.1.1
    # via soundfile
click==8.5.0
    # via
    #   huggingface-hub
    #   uvicorn
fastapi==0.141.1
    # via -r requirements/serve.txt
filelock==3.32.5
    # via huggingface-hub
flatbuffers==25.12.19
    # via onnxruntime
fsspec==2026.7.0
    # via huggingface-hub
h11==0.16.0
    # via
    #   httpcore
    #   uvicorn
hf-xet==1.6.0
    # via huggingface-hub
httpcore==1.0.9
    # via httpx
httptools==0.8.0
    # via uvicorn
httpx==0.28.1
    # via
    #   -r requirements/serve.txt
    #   huggingface-hub
huggingface-hub==1.30.0
    # via
    #   tokenizers
    #   transformers
idna==3.19
    # via
    #   anyio
    #   httpx
markdown-it-py==4.2.0
    # via rich
mdurl==0.1.2
    # via markdown-it-py
numpy==1.26.4
    # via
    #   -r requirements/serve.txt
    #   onnxruntime
    #   soundfile
    #   transformers
onnxruntime==1.29.0
    # via -r requirements/serve.txt
packaging==26.3
    # via
    #   huggingface-hub
    #   onnxruntime
    #   transformers
protobuf==7.36.1
    # via onnxruntime
pycparser==3.0
    # via cffi
pydantic==2.13.5
    # via
    #   -r requirements/serve.txt
    #   fastapi
pydantic-core==2.46.5
    # via pydantic
pygments==2.21.0
    # via rich
python-dotenv==1.2.3
    # via uvicorn
pyyaml==6.0.3
    # via
    #   huggingface-hub
    #   transformers
    #   uvicorn
regex==2026.9.3
    # via transformers
rich==15.0.0
    # via typer
safetensors==0.8.0
    # via transformers
shellingham==1.5.4
    # via typer
soundfile==0.14.0
    # via -r requirements/serve.txt
starlette==1.6.0
    # via fastapi
tokenizers==0.23.2
    # via transformers
tqdm==4.70.0
    # via
    #   huggingface-hub
    #   transformers
transformers==5.16.1
    # via -r requirements/serve.txt
typer==0.27.2
    # via transformers
typing-extensions==4.16.0
    # via
    #   anyio
    #   fastapi
    #   huggingface-hub
    #   pydantic
    #   pydantic-core
    #   soundfile
    #   starlette
    #   typing-inspection
typing-inspection==0.4.4
    # via
    #   fastapi
    #   pydantic
uvicorn==0.52.4
    # via -r requirements/serve.txt
uvloop==0.22.1
    # via uvicorn
watchfiles==1.2.0
    # via uvicorn
websockets==17.1
    # via uvicorn
